
Microsoft Visual Studio Solution File, Format Version 12.00
# Visual Studio Version 16
VisualStudioVersion = 16.0.29009.5
MinimumVisualStudioVersion = 10.0.40219.1
Project("{E24C65DC-7377-472B-9ABA-BC803B73C61A}") = "jxcService", ".", "{6D689F64-6C16-4518-A64E-5A25244EFB78}"
	ProjectSection(WebsiteProperties) = preProject
		TargetFrameworkMoniker = ".NETFramework,Version%3Dv4.0"
		Debug.AspNetCompiler.VirtualPath = "/myService"
		Debug.AspNetCompiler.PhysicalPath = "..\jxcService\"
		Debug.AspNetCompiler.TargetPath = "PrecompiledWeb\myService\"
		Debug.AspNetCompiler.Updateable = "true"
		Debug.AspNetCompiler.ForceOverwrite = "true"
		Debug.AspNetCompiler.FixedNames = "false"
		Debug.AspNetCompiler.Debug = "True"
		Release.AspNetCompiler.VirtualPath = "/myService"
		Release.AspNetCompiler.PhysicalPath = "..\jxcService\"
		Release.AspNetCompiler.TargetPath = "PrecompiledWeb\myService\"
		Release.AspNetCompiler.Updateable = "true"
		Release.AspNetCompiler.ForceOverwrite = "true"
		Release.AspNetCompiler.FixedNames = "false"
		Release.AspNetCompiler.Debug = "False"
		VWDPort = "1195"
		SlnRelativePath = "..\jxcService\"
	EndProjectSection
EndProject
Global
	GlobalSection(SolutionConfigurationPlatforms) = preSolution
		Debug|.NET = Debug|.NET
	EndGlobalSection
	GlobalSection(ProjectConfigurationPlatforms) = postSolution
		{6D689F64-6C16-4518-A64E-5A25244EFB78}.Debug|.NET.ActiveCfg = Debug|Any CPU
		{6D689F64-6C16-4518-A64E-5A25244EFB78}.Debug|.NET.Build.0 = Debug|Any CPU
	EndGlobalSection
	GlobalSection(SolutionProperties) = preSolution
		HideSolutionNode = FALSE
	EndGlobalSection
	GlobalSection(ExtensibilityGlobals) = postSolution
		SolutionGuid = {6D4636E9-BD2E-4CC9-BA93-01616C08843C}
	EndGlobalSection
EndGlobal
